// !$*UTF8*$!
{
	archiveVersion = 1;
	classes = {
	};
	objectVersion = 48;
	objects = {

/* Begin PBXBuildFile section */
		073765631F88CAF2005C70D4 /* tessdata in Resources */ = {isa = PBXBuildFile; fileRef = 073765621F88CAF1005C70D4 /* tessdata */; };
		181CB8CF1F88A0A6004E8B45 /* AppDelegate.swift in Sources */ = {isa = PBXBuildFile; fileRef = 181CB8CE1F88A0A6004E8B45 /* AppDelegate.swift */; };
		181CB8D11F88A0A6004E8B45 /* art.scnassets in Resources */ = {isa = PBXBuildFile; fileRef = 181CB8D01F88A0A6004E8B45 /* art.scnassets */; };
		181CB8D31F88A0A6004E8B45 /* ViewController.swift in Sources */ = {isa = PBXBuildFile; fileRef = 181CB8D21F88A0A6004E8B45 /* ViewController.swift */; };
		181CB8D61F88A0A6004E8B45 /* Main.storyboard in Resources */ = {isa = PBXBuildFile; fileRef = 181CB8D41F88A0A6004E8B45 /* Main.storyboard */; };
		181CB8D81F88A0A6004E8B45 /* Assets.xcassets in Resources */ = {isa = PBXBuildFile; fileRef = 181CB8D71F88A0A6004E8B45 /* Assets.xcassets */; };
		181CB8DB1F88A0A6004E8B45 /* LaunchScreen.storyboard in Resources */ = {isa = PBXBuildFile; fileRef = 181CB8D91F88A0A6004E8B45 /* LaunchScreen.storyboard */; };
		181CB8E61F88A0A6004E8B45 /* DishPlayTests.swift in Sources */ = {isa = PBXBuildFile; fileRef = 181CB8E51F88A0A6004E8B45 /* DishPlayTests.swift */; };
		181CB8F11F88A0A6004E8B45 /* DishPlayUITests.swift in Sources */ = {isa = PBXBuildFile; fileRef = 181CB8F01F88A0A6004E8B45 /* DishPlayUITests.swift */; };
		18D4ACE21F88B7B600157B9E /* Pods_DishPlay.framework in Frameworks */ = {isa = PBXBuildFile; fileRef = 989C35BE6C405949C836B0E4 /* Pods_DishPlay.framework */; settings = {ATTRIBUTES = (Weak, ); }; };
		18D4ACE91F88B93800157B9E /* Alamofire.framework in Frameworks */ = {isa = PBXBuildFile; fileRef = 18D4ACEA1F88B93800157B9E /* Alamofire.framework */; settings = {ATTRIBUTES = (Weak, ); }; };
		18D4ACEB1F88B93D00157B9E /* SwiftyJSON.framework in Frameworks */ = {isa = PBXBuildFile; fileRef = 18D4ACEC1F88B93D00157B9E /* SwiftyJSON.framework */; settings = {ATTRIBUTES = (Weak, ); }; };
		18D4ACED1F88B94000157B9E /* TesseractOCR.framework in Frameworks */ = {isa = PBXBuildFile; fileRef = 18D4ACEE1F88B94000157B9E /* TesseractOCR.framework */; settings = {ATTRIBUTES = (Weak, ); }; };
		18FF0C811F8958B900674D71 /* RestaurantTableViewController.swift in Sources */ = {isa = PBXBuildFile; fileRef = 18FF0C801F8958B800674D71 /* RestaurantTableViewController.swift */; };
		18FF0C851F896FBA00674D71 /* TableViewCell.swift in Sources */ = {isa = PBXBuildFile; fileRef = 18FF0C841F896FBA00674D71 /* TableViewCell.swift */; };
		18FF0C871F89AE1E00674D71 /* ARDetailedViewController.swift in Sources */ = {isa = PBXBuildFile; fileRef = 18FF0C861F89AE1E00674D71 /* ARDetailedViewController.swift */; };
		2E93917D2BD9CE946C5551DB /* Pods_DishPlayUITests.framework in Frameworks */ = {isa = PBXBuildFile; fileRef = 7FDE51BAA46ACF701491E4E2 /* Pods_DishPlayUITests.framework */; };
		50214D2B2DC1ACA05D3CA19B /* Pods_DishPlayTests.framework in Frameworks */ = {isa = PBXBuildFile; fileRef = E7EEB6BBC82F0E51D6AA37D5 /* Pods_DishPlayTests.framework */; };
/* End PBXBuildFile section */

/* Begin PBXContainerItemProxy section */
		181CB8E21F88A0A6004E8B45 /* PBXContainerItemProxy */ = {
			isa = PBXContainerItemProxy;
			containerPortal = 181CB8C31F88A0A6004E8B45 /* Project object */;
			proxyType = 1;
			remoteGlobalIDString = 181CB8CA1F88A0A6004E8B45;
			remoteInfo = DishPlay;
		};
		181CB8ED1F88A0A6004E8B45 /* PBXContainerItemProxy */ = {
			isa = PBXContainerItemProxy;
			containerPortal = 181CB8C31F88A0A6004E8B45 /* Project object */;
			proxyType = 1;
			remoteGlobalIDString = 181CB8CA1F88A0A6004E8B45;
			remoteInfo = DishPlay;
		};
/* End PBXContainerItemProxy section */

/* Begin PBXCopyFilesBuildPhase section */
		18D4ACE81F88B81D00157B9E /* Embed Frameworks */ = {
			isa = PBXCopyFilesBuildPhase;
			buildActionMask = 2147483647;
			dstPath = "";
			dstSubfolderSpec = 10;
			files = (
			);
			name = "Embed Frameworks";
			runOnlyForDeploymentPostprocessing = 0;
		};
/* End PBXCopyFilesBuildPhase section */

/* Begin PBXFileReference section */
		073765621F88CAF1005C70D4 /* tessdata */ = {isa = PBXFileReference; lastKnownFileType = folder; path = tessdata; sourceTree = "<group>"; };
		0C03DC7098FE36AC2A589ED3 /* Pods-DishPlayTests.release.xcconfig */ = {isa = PBXFileReference; includeInIndex = 1; lastKnownFileType = text.xcconfig; name = "Pods-DishPlayTests.release.xcconfig"; path = "Pods/Target Support Files/Pods-DishPlayTests/Pods-DishPlayTests.release.xcconfig"; sourceTree = "<group>"; };
		181CB8CB1F88A0A6004E8B45 /* DishPlay.app */ = {isa = PBXFileReference; explicitFileType = wrapper.application; includeInIndex = 0; path = DishPlay.app; sourceTree = BUILT_PRODUCTS_DIR; };
		181CB8CE1F88A0A6004E8B45 /* AppDelegate.swift */ = {isa = PBXFileReference; lastKnownFileType = sourcecode.swift; path = AppDelegate.swift; sourceTree = "<group>"; };
		181CB8D01F88A0A6004E8B45 /* art.scnassets */ = {isa = PBXFileReference; lastKnownFileType = wrapper.scnassets; path = art.scnassets; sourceTree = "<group>"; };
		181CB8D21F88A0A6004E8B45 /* ViewController.swift */ = {isa = PBXFileReference; lastKnownFileType = sourcecode.swift; path = ViewController.swift; sourceTree = "<group>"; };
		181CB8D51F88A0A6004E8B45 /* Base */ = {isa = PBXFileReference; lastKnownFileType = file.storyboard; name = Base; path = Base.lproj/Main.storyboard; sourceTree = "<group>"; };
		181CB8D71F88A0A6004E8B45 /* Assets.xcassets */ = {isa = PBXFileReference; lastKnownFileType = folder.assetcatalog; path = Assets.xcassets; sourceTree = "<group>"; };
		181CB8DA1F88A0A6004E8B45 /* Base */ = {isa = PBXFileReference; lastKnownFileType = file.storyboard; name = Base; path = Base.lproj/LaunchScreen.storyboard; sourceTree = "<group>"; };
		181CB8DC1F88A0A6004E8B45 /* Info.plist */ = {isa = PBXFileReference; lastKnownFileType = text.plist.xml; path = Info.plist; sourceTree = "<group>"; };
		181CB8E11F88A0A6004E8B45 /* DishPlayTests.xctest */ = {isa = PBXFileReference; explicitFileType = wrapper.cfbundle; includeInIndex = 0; path = DishPlayTests.xctest; sourceTree = BUILT_PRODUCTS_DIR; };
		181CB8E51F88A0A6004E8B45 /* DishPlayTests.swift */ = {isa = PBXFileReference; lastKnownFileType = sourcecode.swift; path = DishPlayTests.swift; sourceTree = "<group>"; };
		181CB8E71F88A0A6004E8B45 /* Info.plist */ = {isa = PBXFileReference; lastKnownFileType = text.plist.xml; path = Info.plist; sourceTree = "<group>"; };
		181CB8EC1F88A0A6004E8B45 /* DishPlayUITests.xctest */ = {isa = PBXFileReference; explicitFileType = wrapper.cfbundle; includeInIndex = 0; path = DishPlayUITests.xctest; sourceTree = BUILT_PRODUCTS_DIR; };
		181CB8F01F88A0A6004E8B45 /* DishPlayUITests.swift */ = {isa = PBXFileReference; lastKnownFileType = sourcecode.swift; path = DishPlayUITests.swift; sourceTree = "<group>"; };
		181CB8F21F88A0A6004E8B45 /* Info.plist */ = {isa = PBXFileReference; lastKnownFileType = text.plist.xml; path = Info.plist; sourceTree = "<group>"; };
		18D4ACEA1F88B93800157B9E /* Alamofire.framework */ = {isa = PBXFileReference; explicitFileType = wrapper.framework; path = Alamofire.framework; sourceTree = BUILT_PRODUCTS_DIR; };
		18D4ACEC1F88B93D00157B9E /* SwiftyJSON.framework */ = {isa = PBXFileReference; explicitFileType = wrapper.framework; path = SwiftyJSON.framework; sourceTree = BUILT_PRODUCTS_DIR; };
		18D4ACEE1F88B94000157B9E /* TesseractOCR.framework */ = {isa = PBXFileReference; explicitFileType = wrapper.framework; path = TesseractOCR.framework; sourceTree = BUILT_PRODUCTS_DIR; };
		18FF0C801F8958B800674D71 /* RestaurantTableViewController.swift */ = {isa = PBXFileReference; lastKnownFileType = sourcecode.swift; path = RestaurantTableViewController.swift; sourceTree = "<group>"; };
		18FF0C841F896FBA00674D71 /* TableViewCell.swift */ = {isa = PBXFileReference; lastKnownFileType = sourcecode.swift; path = TableViewCell.swift; sourceTree = "<group>"; };
		18FF0C861F89AE1E00674D71 /* ARDetailedViewController.swift */ = {isa = PBXFileReference; lastKnownFileType = sourcecode.swift; path = ARDetailedViewController.swift; sourceTree = "<group>"; };
		7FDE51BAA46ACF701491E4E2 /* Pods_DishPlayUITests.framework */ = {isa = PBXFileReference; explicitFileType = wrapper.framework; includeInIndex = 0; path = Pods_DishPlayUITests.framework; sourceTree = BUILT_PRODUCTS_DIR; };
		989C35BE6C405949C836B0E4 /* Pods_DishPlay.framework */ = {isa = PBXFileReference; explicitFileType = wrapper.framework; includeInIndex = 0; path = Pods_DishPlay.framework; sourceTree = BUILT_PRODUCTS_DIR; };
		A09D52B57C6D4CA5939E04CF /* Pods-DishPlay.debug.xcconfig */ = {isa = PBXFileReference; includeInIndex = 1; lastKnownFileType = text.xcconfig; name = "Pods-DishPlay.debug.xcconfig"; path = "Pods/Target Support Files/Pods-DishPlay/Pods-DishPlay.debug.xcconfig"; sourceTree = "<group>"; };
		A1E3934C811D3D70F3B8F3E2 /* Pods-DishPlayUITests.debug.xcconfig */ = {isa = PBXFileReference; includeInIndex = 1; lastKnownFileType = text.xcconfig; name = "Pods-DishPlayUITests.debug.xcconfig"; path = "Pods/Target Support Files/Pods-DishPlayUITests/Pods-DishPlayUITests.debug.xcconfig"; sourceTree = "<group>"; };
		A57E2A777BBB30850CED901F /* Pods-DishPlay.release.xcconfig */ = {isa = PBXFileReference; includeInIndex = 1; lastKnownFileType = text.xcconfig; name = "Pods-DishPlay.release.xcconfig"; path = "Pods/Target Support Files/Pods-DishPlay/Pods-DishPlay.release.xcconfig"; sourceTree = "<group>"; };
		C7421C5C7B36BD38F81485DE /* Pods-DishPlayTests.debug.xcconfig */ = {isa = PBXFileReference; includeInIndex = 1; lastKnownFileType = text.xcconfig; name = "Pods-DishPlayTests.debug.xcconfig"; path = "Pods/Target Support Files/Pods-DishPlayTests/Pods-DishPlayTests.debug.xcconfig"; sourceTree = "<group>"; };
		E7EEB6BBC82F0E51D6AA37D5 /* Pods_DishPlayTests.framework */ = {isa = PBXFileReference; explicitFileType = wrapper.framework; includeInIndex = 0; path = Pods_DishPlayTests.framework; sourceTree = BUILT_PRODUCTS_DIR; };
		FC5172C5E94E9E083D6FE4BD /* Pods-DishPlayUITests.release.xcconfig */ = {isa = PBXFileReference; includeInIndex = 1; lastKnownFileType = text.xcconfig; name = "Pods-DishPlayUITests.release.xcconfig"; path = "Pods/Target Support Files/Pods-DishPlayUITests/Pods-DishPlayUITests.release.xcconfig"; sourceTree = "<group>"; };
/* End PBXFileReference section */

/* Begin PBXFrameworksBuildPhase section */
		181CB8C81F88A0A6004E8B45 /* Frameworks */ = {
			isa = PBXFrameworksBuildPhase;
			buildActionMask = 2147483647;
			files = (
				18D4ACED1F88B94000157B9E /* TesseractOCR.framework in Frameworks */,
				18D4ACEB1F88B93D00157B9E /* SwiftyJSON.framework in Frameworks */,
				18D4ACE91F88B93800157B9E /* Alamofire.framework in Frameworks */,
				18D4ACE21F88B7B600157B9E /* Pods_DishPlay.framework in Frameworks */,
			);
			runOnlyForDeploymentPostprocessing = 0;
		};
		181CB8DE1F88A0A6004E8B45 /* Frameworks */ = {
			isa = PBXFrameworksBuildPhase;
			buildActionMask = 2147483647;
			files = (
				50214D2B2DC1ACA05D3CA19B /* Pods_DishPlayTests.framework in Frameworks */,
			);
			runOnlyForDeploymentPostprocessing = 0;
		};
		181CB8E91F88A0A6004E8B45 /* Frameworks */ = {
			isa = PBXFrameworksBuildPhase;
			buildActionMask = 2147483647;
			files = (
				2E93917D2BD9CE946C5551DB /* Pods_DishPlayUITests.framework in Frameworks */,
			);
			runOnlyForDeploymentPostprocessing = 0;
		};
/* End PBXFrameworksBuildPhase section */

/* Begin PBXGroup section */
		181CB8C21F88A0A6004E8B45 = {
			isa = PBXGroup;
			children = (
				181CB8CD1F88A0A6004E8B45 /* DishPlay */,
				181CB8E41F88A0A6004E8B45 /* DishPlayTests */,
				181CB8EF1F88A0A6004E8B45 /* DishPlayUITests */,
				181CB8CC1F88A0A6004E8B45 /* Products */,
				5D8E208FF1BF0D2CC852AE32 /* Pods */,
				7286DB51AC41D370D0D378D9 /* Frameworks */,
			);
			sourceTree = "<group>";
		};
		181CB8CC1F88A0A6004E8B45 /* Products */ = {
			isa = PBXGroup;
			children = (
				181CB8CB1F88A0A6004E8B45 /* DishPlay.app */,
				181CB8E11F88A0A6004E8B45 /* DishPlayTests.xctest */,
				181CB8EC1F88A0A6004E8B45 /* DishPlayUITests.xctest */,
			);
			name = Products;
			sourceTree = "<group>";
		};
		181CB8CD1F88A0A6004E8B45 /* DishPlay */ = {
			isa = PBXGroup;
			children = (
				073765621F88CAF1005C70D4 /* tessdata */,
				181CB8CE1F88A0A6004E8B45 /* AppDelegate.swift */,
				181CB8D01F88A0A6004E8B45 /* art.scnassets */,
				181CB8D21F88A0A6004E8B45 /* ViewController.swift */,
				181CB8D41F88A0A6004E8B45 /* Main.storyboard */,
				181CB8D71F88A0A6004E8B45 /* Assets.xcassets */,
				181CB8D91F88A0A6004E8B45 /* LaunchScreen.storyboard */,
				181CB8DC1F88A0A6004E8B45 /* Info.plist */,
				18FF0C801F8958B800674D71 /* RestaurantTableViewController.swift */,
				18FF0C841F896FBA00674D71 /* TableViewCell.swift */,
				18FF0C861F89AE1E00674D71 /* ARDetailedViewController.swift */,
			);
			path = DishPlay;
			sourceTree = "<group>";
		};
		181CB8E41F88A0A6004E8B45 /* DishPlayTests */ = {
			isa = PBXGroup;
			children = (
				181CB8E51F88A0A6004E8B45 /* DishPlayTests.swift */,
				181CB8E71F88A0A6004E8B45 /* Info.plist */,
			);
			path = DishPlayTests;
			sourceTree = "<group>";
		};
		181CB8EF1F88A0A6004E8B45 /* DishPlayUITests */ = {
			isa = PBXGroup;
			children = (
				181CB8F01F88A0A6004E8B45 /* DishPlayUITests.swift */,
				181CB8F21F88A0A6004E8B45 /* Info.plist */,
			);
			path = DishPlayUITests;
			sourceTree = "<group>";
		};
		5D8E208FF1BF0D2CC852AE32 /* Pods */ = {
			isa = PBXGroup;
			children = (
				A09D52B57C6D4CA5939E04CF /* Pods-DishPlay.debug.xcconfig */,
				A57E2A777BBB30850CED901F /* Pods-DishPlay.release.xcconfig */,
				C7421C5C7B36BD38F81485DE /* Pods-DishPlayTests.debug.xcconfig */,
				0C03DC7098FE36AC2A589ED3 /* Pods-DishPlayTests.release.xcconfig */,
				A1E3934C811D3D70F3B8F3E2 /* Pods-DishPlayUITests.debug.xcconfig */,
				FC5172C5E94E9E083D6FE4BD /* Pods-DishPlayUITests.release.xcconfig */,
			);
			name = Pods;
			sourceTree = "<group>";
		};
		7286DB51AC41D370D0D378D9 /* Frameworks */ = {
			isa = PBXGroup;
			children = (
				18D4ACEE1F88B94000157B9E /* TesseractOCR.framework */,
				18D4ACEC1F88B93D00157B9E /* SwiftyJSON.framework */,
				18D4ACEA1F88B93800157B9E /* Alamofire.framework */,
				989C35BE6C405949C836B0E4 /* Pods_DishPlay.framework */,
				E7EEB6BBC82F0E51D6AA37D5 /* Pods_DishPlayTests.framework */,
				7FDE51BAA46ACF701491E4E2 /* Pods_DishPlayUITests.framework */,
			);
			name = Frameworks;
			sourceTree = "<group>";
		};
/* End PBXGroup section */

/* Begin PBXNativeTarget section */
		181CB8CA1F88A0A6004E8B45 /* DishPlay */ = {
			isa = PBXNativeTarget;
			buildConfigurationList = 181CB8F51F88A0A6004E8B45 /* Build configuration list for PBXNativeTarget "DishPlay" */;
			buildPhases = (
				4C929195C6B9103054AADF82 /* [CP] Check Pods Manifest.lock */,
				181CB8C71F88A0A6004E8B45 /* Sources */,
				181CB8C81F88A0A6004E8B45 /* Frameworks */,
				181CB8C91F88A0A6004E8B45 /* Resources */,
				2773DCF9AE70F11191E8CA51 /* [CP] Embed Pods Frameworks */,
				8E48060741B08017125B38F1 /* [CP] Copy Pods Resources */,
				18D4ACE81F88B81D00157B9E /* Embed Frameworks */,
			);
			buildRules = (
			);
			dependencies = (
			);
			name = DishPlay;
			productName = DishPlay;
			productReference = 181CB8CB1F88A0A6004E8B45 /* DishPlay.app */;
			productType = "com.apple.product-type.application";
		};
		181CB8E01F88A0A6004E8B45 /* DishPlayTests */ = {
			isa = PBXNativeTarget;
			buildConfigurationList = 181CB8F81F88A0A6004E8B45 /* Build configuration list for PBXNativeTarget "DishPlayTests" */;
			buildPhases = (
				5A9133CC2FCCF28D14255746 /* [CP] Check Pods Manifest.lock */,
				181CB8DD1F88A0A6004E8B45 /* Sources */,
				181CB8DE1F88A0A6004E8B45 /* Frameworks */,
				181CB8DF1F88A0A6004E8B45 /* Resources */,
				4D9244847CC80B61DC4A7E8F /* [CP] Embed Pods Frameworks */,
				886F94B7AE139E62E118D09F /* [CP] Copy Pods Resources */,
			);
			buildRules = (
			);
			dependencies = (
				181CB8E31F88A0A6004E8B45 /* PBXTargetDependency */,
			);
			name = DishPlayTests;
			productName = DishPlayTests;
			productReference = 181CB8E11F88A0A6004E8B45 /* DishPlayTests.xctest */;
			productType = "com.apple.product-type.bundle.unit-test";
		};
		181CB8EB1F88A0A6004E8B45 /* DishPlayUITests */ = {
			isa = PBXNativeTarget;
			buildConfigurationList = 181CB8FB1F88A0A6004E8B45 /* Build configuration list for PBXNativeTarget "DishPlayUITests" */;
			buildPhases = (
				3F1E28CE38244AABB7B748EA /* [CP] Check Pods Manifest.lock */,
				181CB8E81F88A0A6004E8B45 /* Sources */,
				181CB8E91F88A0A6004E8B45 /* Frameworks */,
				181CB8EA1F88A0A6004E8B45 /* Resources */,
				38D51DA1E08132F829076375 /* [CP] Embed Pods Frameworks */,
				4432FB65D4C6F54ADBBC732E /* [CP] Copy Pods Resources */,
			);
			buildRules = (
			);
			dependencies = (
				181CB8EE1F88A0A6004E8B45 /* PBXTargetDependency */,
			);
			name = DishPlayUITests;
			productName = DishPlayUITests;
			productReference = 181CB8EC1F88A0A6004E8B45 /* DishPlayUITests.xctest */;
			productType = "com.apple.product-type.bundle.ui-testing";
		};
/* End PBXNativeTarget section */

/* Begin PBXProject section */
		181CB8C31F88A0A6004E8B45 /* Project object */ = {
			isa = PBXProject;
			attributes = {
				LastSwiftUpdateCheck = 0900;
				LastUpgradeCheck = 0900;
				ORGANIZATIONNAME = CalHack;
				TargetAttributes = {
					181CB8CA1F88A0A6004E8B45 = {
						CreatedOnToolsVersion = 9.0;
					};
					181CB8E01F88A0A6004E8B45 = {
						CreatedOnToolsVersion = 9.0;
						TestTargetID = 181CB8CA1F88A0A6004E8B45;
					};
					181CB8EB1F88A0A6004E8B45 = {
						CreatedOnToolsVersion = 9.0;
						TestTargetID = 181CB8CA1F88A0A6004E8B45;
					};
				};
			};
			buildConfigurationList = 181CB8C61F88A0A6004E8B45 /* Build configuration list for PBXProject "DishPlay" */;
			compatibilityVersion = "Xcode 8.0";
			developmentRegion = en;
			hasScannedForEncodings = 0;
			knownRegions = (
				en,
				Base,
			);
			mainGroup = 181CB8C21F88A0A6004E8B45;
			productRefGroup = 181CB8CC1F88A0A6004E8B45 /* Products */;
			projectDirPath = "";
			projectRoot = "";
			targets = (
				181CB8CA1F88A0A6004E8B45 /* DishPlay */,
				181CB8E01F88A0A6004E8B45 /* DishPlayTests */,
				181CB8EB1F88A0A6004E8B45 /* DishPlayUITests */,
			);
		};
/* End PBXProject section */

/* Begin PBXResourcesBuildPhase section */
		181CB8C91F88A0A6004E8B45 /* Resources */ = {
			isa = PBXResourcesBuildPhase;
			buildActionMask = 2147483647;
			files = (
				181CB8D11F88A0A6004E8B45 /* art.scnassets in Resources */,
				181CB8DB1F88A0A6004E8B45 /* LaunchScreen.storyboard in Resources */,
				073765631F88CAF2005C70D4 /* tessdata in Resources */,
				181CB8D81F88A0A6004E8B45 /* Assets.xcassets in Resources */,
				181CB8D61F88A0A6004E8B45 /* Main.storyboard in Resources */,
			);
			runOnlyForDeploymentPostprocessing = 0;
		};
		181CB8DF1F88A0A6004E8B45 /* Resources */ = {
			isa = PBXResourcesBuildPhase;
			buildActionMask = 2147483647;
			files = (
			);
			runOnlyForDeploymentPostprocessing = 0;
		};
		181CB8EA1F88A0A6004E8B45 /* Resources */ = {
			isa = PBXResourcesBuildPhase;
			buildActionMask = 2147483647;
			files = (
			);
			runOnlyForDeploymentPostprocessing = 0;
		};
/* End PBXResourcesBuildPhase section */

/* Begin PBXShellScriptBuildPhase section */
		2773DCF9AE70F11191E8CA51 /* [CP] Embed Pods Frameworks */ = {
			isa = PBXShellScriptBuildPhase;
			buildActionMask = 2147483647;
			files = (
			);
			inputPaths = (
				"${SRCROOT}/Pods/Target Support Files/Pods-DishPlay/Pods-DishPlay-frameworks.sh",
				"${BUILT_PRODUCTS_DIR}/Alamofire/Alamofire.framework",
				"${BUILT_PRODUCTS_DIR}/SwiftyJSON/SwiftyJSON.framework",
				"${BUILT_PRODUCTS_DIR}/TesseractOCRiOS/TesseractOCR.framework",
			);
			name = "[CP] Embed Pods Frameworks";
			outputPaths = (
				"${TARGET_BUILD_DIR}/${FRAMEWORKS_FOLDER_PATH}/Alamofire.framework",
				"${TARGET_BUILD_DIR}/${FRAMEWORKS_FOLDER_PATH}/SwiftyJSON.framework",
				"${TARGET_BUILD_DIR}/${FRAMEWORKS_FOLDER_PATH}/TesseractOCR.framework",
			);
			runOnlyForDeploymentPostprocessing = 0;
			shellPath = /bin/sh;
			shellScript = "\"${SRCROOT}/Pods/Target Support Files/Pods-DishPlay/Pods-DishPlay-frameworks.sh\"\n";
			showEnvVarsInLog = 0;
		};
		38D51DA1E08132F829076375 /* [CP] Embed Pods Frameworks */ = {
			isa = PBXShellScriptBuildPhase;
			buildActionMask = 2147483647;
			files = (
			);
			inputPaths = (
			);
			name = "[CP] Embed Pods Frameworks";
			outputPaths = (
			);
			runOnlyForDeploymentPostprocessing = 0;
			shellPath = /bin/sh;
			shellScript = "\"${SRCROOT}/Pods/Target Support Files/Pods-DishPlayUITests/Pods-DishPlayUITests-frameworks.sh\"\n";
			showEnvVarsInLog = 0;
		};
		3F1E28CE38244AABB7B748EA /* [CP] Check Pods Manifest.lock */ = {
			isa = PBXShellScriptBuildPhase;
			buildActionMask = 2147483647;
			files = (
			);
			inputPaths = (
				"${PODS_PODFILE_DIR_PATH}/Podfile.lock",
				"${PODS_ROOT}/Manifest.lock",
			);
			name = "[CP] Check Pods Manifest.lock";
			outputPaths = (
				"$(DERIVED_FILE_DIR)/Pods-DishPlayUITests-checkManifestLockResult.txt",
			);
			runOnlyForDeploymentPostprocessing = 0;
			shellPath = /bin/sh;
			shellScript = "diff \"${PODS_PODFILE_DIR_PATH}/Podfile.lock\" \"${PODS_ROOT}/Manifest.lock\" > /dev/null\nif [ $? != 0 ] ; then\n    # print error to STDERR\n    echo \"error: The sandbox is not in sync with the Podfile.lock. Run 'pod install' or update your CocoaPods installation.\" >&2\n    exit 1\nfi\n# This output is used by Xcode 'outputs' to avoid re-running this script phase.\necho \"SUCCESS\" > \"${SCRIPT_OUTPUT_FILE_0}\"\n";
			showEnvVarsInLog = 0;
		};
		4432FB65D4C6F54ADBBC732E /* [CP] Copy Pods Resources */ = {
			isa = PBXShellScriptBuildPhase;
			buildActionMask = 2147483647;
			files = (
			);
			inputPaths = (
			);
			name = "[CP] Copy Pods Resources";
			outputPaths = (
			);
			runOnlyForDeploymentPostprocessing = 0;
			shellPath = /bin/sh;
			shellScript = "\"${SRCROOT}/Pods/Target Support Files/Pods-DishPlayUITests/Pods-DishPlayUITests-resources.sh\"\n";
			showEnvVarsInLog = 0;
		};
		4C929195C6B9103054AADF82 /* [CP] Check Pods Manifest.lock */ = {
			isa = PBXShellScriptBuildPhase;
			buildActionMask = 2147483647;
			files = (
			);
			inputPaths = (
				"${PODS_PODFILE_DIR_PATH}/Podfile.lock",
				"${PODS_ROOT}/Manifest.lock",
			);
			name = "[CP] Check Pods Manifest.lock";
			outputPaths = (
				"$(DERIVED_FILE_DIR)/Pods-DishPlay-checkManifestLockResult.txt",
			);
			runOnlyForDeploymentPostprocessing = 0;
			shellPath = /bin/sh;
			shellScript = "diff \"${PODS_PODFILE_DIR_PATH}/Podfile.lock\" \"${PODS_ROOT}/Manifest.lock\" > /dev/null\nif [ $? != 0 ] ; then\n    # print error to STDERR\n    echo \"error: The sandbox is not in sync with the Podfile.lock. Run 'pod install' or update your CocoaPods installation.\" >&2\n    exit 1\nfi\n# This output is used by Xcode 'outputs' to avoid re-running this script phase.\necho \"SUCCESS\" > \"${SCRIPT_OUTPUT_FILE_0}\"\n";
			showEnvVarsInLog = 0;
		};
		4D9244847CC80B61DC4A7E8F /* [CP] Embed Pods Frameworks */ = {
			isa = PBXShellScriptBuildPhase;
			buildActionMask = 2147483647;
			files = (
			);
			inputPaths = (
			);
			name = "[CP] Embed Pods Frameworks";
			outputPaths = (
			);
			runOnlyForDeploymentPostprocessing = 0;
			shellPath = /bin/sh;
			shellScript = "\"${SRCROOT}/Pods/Target Support Files/Pods-DishPlayTests/Pods-DishPlayTests-frameworks.sh\"\n";
			showEnvVarsInLog = 0;
		};
		5A9133CC2FCCF28D14255746 /* [CP] Check Pods Manifest.lock */ = {
			isa = PBXShellScriptBuildPhase;
			buildActionMask = 2147483647;
			files = (
			);
			inputPaths = (
				"${PODS_PODFILE_DIR_PATH}/Podfile.lock",
				"${PODS_ROOT}/Manifest.lock",
			);
			name = "[CP] Check Pods Manifest.lock";
			outputPaths = (
				"$(DERIVED_FILE_DIR)/Pods-DishPlayTests-checkManifestLockResult.txt",
			);
			runOnlyForDeploymentPostprocessing = 0;
			shellPath = /bin/sh;
			shellScript = "diff \"${PODS_PODFILE_DIR_PATH}/Podfile.lock\" \"${PODS_ROOT}/Manifest.lock\" > /dev/null\nif [ $? != 0 ] ; then\n    # print error to STDERR\n    echo \"error: The sandbox is not in sync with the Podfile.lock. Run 'pod install' or update your CocoaPods installation.\" >&2\n    exit 1\nfi\n# This output is used by Xcode 'outputs' to avoid re-running this script phase.\necho \"SUCCESS\" > \"${SCRIPT_OUTPUT_FILE_0}\"\n";
			showEnvVarsInLog = 0;
		};
		886F94B7AE139E62E118D09F /* [CP] Copy Pods Resources */ = {
			isa = PBXShellScriptBuildPhase;
			buildActionMask = 2147483647;
			files = (
			);
			inputPaths = (
			);
			name = "[CP] Copy Pods Resources";
			outputPaths = (
			);
			runOnlyForDeploymentPostprocessing = 0;
			shellPath = /bin/sh;
			shellScript = "\"${SRCROOT}/Pods/Target Support Files/Pods-DishPlayTests/Pods-DishPlayTests-resources.sh\"\n";
			showEnvVarsInLog = 0;
		};
		8E48060741B08017125B38F1 /* [CP] Copy Pods Resources */ = {
			isa = PBXShellScriptBuildPhase;
			buildActionMask = 2147483647;
			files = (
			);
			inputPaths = (
			);
			name = "[CP] Copy Pods Resources";
			outputPaths = (
			);
			runOnlyForDeploymentPostprocessing = 0;
			shellPath = /bin/sh;
			shellScript = "\"${SRCROOT}/Pods/Target Support Files/Pods-DishPlay/Pods-DishPlay-resources.sh\"\n";
			showEnvVarsInLog = 0;
		};
/* End PBXShellScriptBuildPhase section */

/* Begin PBXSourcesBuildPhase section */
		181CB8C71F88A0A6004E8B45 /* Sources */ = {
			isa = PBXSourcesBuildPhase;
			buildActionMask = 2147483647;
			files = (
				18FF0C871F89AE1E00674D71 /* ARDetailedViewController.swift in Sources */,
				181CB8D31F88A0A6004E8B45 /* ViewController.swift in Sources */,
				18FF0C851F896FBA00674D71 /* TableViewCell.swift in Sources */,
				181CB8CF1F88A0A6004E8B45 /* AppDelegate.swift in Sources */,
				18FF0C811F8958B900674D71 /* RestaurantTableViewController.swift in Sources */,
			);
			runOnlyForDeploymentPostprocessing = 0;
		};
		181CB8DD1F88A0A6004E8B45 /* Sources */ = {
			isa = PBXSourcesBuildPhase;
			buildActionMask = 2147483647;
			files = (
				181CB8E61F88A0A6004E8B45 /* DishPlayTests.swift in Sources */,
			);
			runOnlyForDeploymentPostprocessing = 0;
		};
		181CB8E81F88A0A6004E8B45 /* Sources */ = {
			isa = PBXSourcesBuildPhase;
			buildActionMask = 2147483647;
			files = (
				181CB8F11F88A0A6004E8B45 /* DishPlayUITests.swift in Sources */,
			);
			runOnlyForDeploymentPostprocessing = 0;
		};
/* End PBXSourcesBuildPhase section */

/* Begin PBXTargetDependency section */
		181CB8E31F88A0A6004E8B45 /* PBXTargetDependency */ = {
			isa = PBXTargetDependency;
			target = 181CB8CA1F88A0A6004E8B45 /* DishPlay */;
			targetProxy = 181CB8E21F88A0A6004E8B45 /* PBXContainerItemProxy */;
		};
		181CB8EE1F88A0A6004E8B45 /* PBXTargetDependency */ = {
			isa = PBXTargetDependency;
			target = 181CB8CA1F88A0A6004E8B45 /* DishPlay */;
			targetProxy = 181CB8ED1F88A0A6004E8B45 /* PBXContainerItemProxy */;
		};
/* End PBXTargetDependency section */

/* Begin PBXVariantGroup section */
		181CB8D41F88A0A6004E8B45 /* Main.storyboard */ = {
			isa = PBXVariantGroup;
			children = (
				181CB8D51F88A0A6004E8B45 /* Base */,
			);
			name = Main.storyboard;
			sourceTree = "<group>";
		};
		181CB8D91F88A0A6004E8B45 /* LaunchScreen.storyboard */ = {
			isa = PBXVariantGroup;
			children = (
				181CB8DA1F88A0A6004E8B45 /* Base */,
			);
			name = LaunchScreen.storyboard;
			sourceTree = "<group>";
		};
/* End PBXVariantGroup section */

/* Begin XCBuildConfiguration section */
		181CB8F31F88A0A6004E8B45 /* Debug */ = {
			isa = XCBuildConfiguration;
			buildSettings = {
				ALWAYS_SEARCH_USER_PATHS = NO;
				CLANG_ANALYZER_NONNULL = YES;
				CLANG_ANALYZER_NUMBER_OBJECT_CONVERSION = YES_AGGRESSIVE;
				CLANG_CXX_LANGUAGE_STANDARD = "gnu++14";
				CLANG_CXX_LIBRARY = "libc++";
				CLANG_ENABLE_MODULES = YES;
				CLANG_ENABLE_OBJC_ARC = YES;
				CLANG_WARN_BLOCK_CAPTURE_AUTORELEASING = YES;
				CLANG_WARN_BOOL_CONVERSION = YES;
				CLANG_WARN_COMMA = YES;
				CLANG_WARN_CONSTANT_CONVERSION = YES;
				CLANG_WARN_DIRECT_OBJC_ISA_USAGE = YES_ERROR;
				CLANG_WARN_DOCUMENTATION_COMMENTS = YES;
				CLANG_WARN_EMPTY_BODY = YES;
				CLANG_WARN_ENUM_CONVERSION = YES;
				CLANG_WARN_INFINITE_RECURSION = YES;
				CLANG_WARN_INT_CONVERSION = YES;
				CLANG_WARN_NON_LITERAL_NULL_CONVERSION = YES;
				CLANG_WARN_OBJC_LITERAL_CONVERSION = YES;
				CLANG_WARN_OBJC_ROOT_CLASS = YES_ERROR;
				CLANG_WARN_RANGE_LOOP_ANALYSIS = YES;
				CLANG_WARN_STRICT_PROTOTYPES = YES;
				CLANG_WARN_SUSPICIOUS_MOVE = YES;
				CLANG_WARN_UNGUARDED_AVAILABILITY = YES_AGGRESSIVE;
				CLANG_WARN_UNREACHABLE_CODE = YES;
				CLANG_WARN__DUPLICATE_METHOD_MATCH = YES;
				CODE_SIGN_IDENTITY = "iPhone Developer";
				COPY_PHASE_STRIP = NO;
				DEBUG_INFORMATION_FORMAT = dwarf;
				ENABLE_STRICT_OBJC_MSGSEND = YES;
				ENABLE_TESTABILITY = YES;
				GCC_C_LANGUAGE_STANDARD = gnu11;
				GCC_DYNAMIC_NO_PIC = NO;
				GCC_NO_COMMON_BLOCKS = YES;
				GCC_OPTIMIZATION_LEVEL = 0;
				GCC_PREPROCESSOR_DEFINITIONS = (
					"DEBUG=1",
					"$(inherited)",
				);
				GCC_WARN_64_TO_32_BIT_CONVERSION = YES;
				GCC_WARN_ABOUT_RETURN_TYPE = YES_ERROR;
				GCC_WARN_UNDECLARED_SELECTOR = YES;
				GCC_WARN_UNINITIALIZED_AUTOS = YES_AGGRESSIVE;
				GCC_WARN_UNUSED_FUNCTION = YES;
				GCC_WARN_UNUSED_VARIABLE = YES;
				IPHONEOS_DEPLOYMENT_TARGET = 11.0;
				MTL_ENABLE_DEBUG_INFO = YES;
				ONLY_ACTIVE_ARCH = YES;
				SDKROOT = iphoneos;
				SWIFT_ACTIVE_COMPILATION_CONDITIONS = DEBUG;
				SWIFT_OPTIMIZATION_LEVEL = "-Onone";
			};
			name = Debug;
		};
		181CB8F41F88A0A6004E8B45 /* Release */ = {
			isa = XCBuildConfiguration;
			buildSettings = {
				ALWAYS_SEARCH_USER_PATHS = NO;
				CLANG_ANALYZER_NONNULL = YES;
				CLANG_ANALYZER_NUMBER_OBJECT_CONVERSION = YES_AGGRESSIVE;
				CLANG_CXX_LANGUAGE_STANDARD = "gnu++14";
				CLANG_CXX_LIBRARY = "libc++";
				CLANG_ENABLE_MODULES = YES;
				CLANG_ENABLE_OBJC_ARC = YES;
				CLANG_WARN_BLOCK_CAPTURE_AUTORELEASING = YES;
				CLANG_WARN_BOOL_CONVERSION = YES;
				CLANG_WARN_COMMA = YES;
				CLANG_WARN_CONSTANT_CONVERSION = YES;
				CLANG_WARN_DIRECT_OBJC_ISA_USAGE = YES_ERROR;
				CLANG_WARN_DOCUMENTATION_COMMENTS = YES;
				CLANG_WARN_EMPTY_BODY = YES;
				CLANG_WARN_ENUM_CONVERSION = YES;
				CLANG_WARN_INFINITE_RECURSION = YES;
				CLANG_WARN_INT_CONVERSION = YES;
				CLANG_WARN_NON_LITERAL_NULL_CONVERSION = YES;
				CLANG_WARN_OBJC_LITERAL_CONVERSION = YES;
				CLANG_WARN_OBJC_ROOT_CLASS = YES_ERROR;
				CLANG_WARN_RANGE_LOOP_ANALYSIS = YES;
				CLANG_WARN_STRICT_PROTOTYPES = YES;
				CLANG_WARN_SUSPICIOUS_MOVE = YES;
				CLANG_WARN_UNGUARDED_AVAILABILITY = YES_AGGRESSIVE;
				CLANG_WARN_UNREACHABLE_CODE = YES;
				CLANG_WARN__DUPLICATE_METHOD_MATCH = YES;
				CODE_SIGN_IDENTITY = "iPhone Developer";
				COPY_PHASE_STRIP = NO;
				DEBUG_INFORMATION_FORMAT = "dwarf-with-dsym";
				ENABLE_NS_ASSERTIONS = NO;
				ENABLE_STRICT_OBJC_MSGSEND = YES;
				GCC_C_LANGUAGE_STANDARD = gnu11;
				GCC_NO_COMMON_BLOCKS = YES;
				GCC_WARN_64_TO_32_BIT_CONVERSION = YES;
				GCC_WARN_ABOUT_RETURN_TYPE = YES_ERROR;
				GCC_WARN_UNDECLARED_SELECTOR = YES;
				GCC_WARN_UNINITIALIZED_AUTOS = YES_AGGRESSIVE;
				GCC_WARN_UNUSED_FUNCTION = YES;
				GCC_WARN_UNUSED_VARIABLE = YES;
				IPHONEOS_DEPLOYMENT_TARGET = 11.0;
				MTL_ENABLE_DEBUG_INFO = NO;
				SDKROOT = iphoneos;
				SWIFT_OPTIMIZATION_LEVEL = "-Owholemodule";
				VALIDATE_PRODUCT = YES;
			};
			name = Release;
		};
		181CB8F61F88A0A6004E8B45 /* Debug */ = {
			isa = XCBuildConfiguration;
			baseConfigurationReference = A09D52B57C6D4CA5939E04CF /* Pods-DishPlay.debug.xcconfig */;
			buildSettings = {
				ALWAYS_EMBED_SWIFT_STANDARD_LIBRARIES = YES;
				ASSETCATALOG_COMPILER_APPICON_NAME = AppIcon;
				DEVELOPMENT_TEAM = WMPNP8H5G7;
				ENABLE_BITCODE = NO;
				INFOPLIST_FILE = DishPlay/Info.plist;
				LD_RUNPATH_SEARCH_PATHS = "$(inherited) @executable_path/Frameworks";
				PRODUCT_BUNDLE_IDENTIFIER = CalHackGroup.DishPlay;
				PRODUCT_NAME = "$(TARGET_NAME)";
				SWIFT_VERSION = 4.0;
				TARGETED_DEVICE_FAMILY = "1,2";
			};
			name = Debug;
		};
		181CB8F71F88A0A6004E8B45 /* Release */ = {
			isa = XCBuildConfiguration;
			baseConfigurationReference = A57E2A777BBB30850CED901F /* Pods-DishPlay.release.xcconfig */;
			buildSettings = {
				ALWAYS_EMBED_SWIFT_STANDARD_LIBRARIES = YES;
				ASSETCATALOG_COMPILER_APPICON_NAME = AppIcon;
				DEVELOPMENT_TEAM = WMPNP8H5G7;
				ENABLE_BITCODE = NO;
				INFOPLIST_FILE = DishPlay/Info.plist;
				LD_RUNPATH_SEARCH_PATHS = "$(inherited) @executable_path/Frameworks";
				PRODUCT_BUNDLE_IDENTIFIER = CalHackGroup.DishPlay;
				PRODUCT_NAME = "$(TARGET_NAME)";
				SWIFT_VERSION = 4.0;
				TARGETED_DEVICE_FAMILY = "1,2";
			};
			name = Release;
		};
		181CB8F91F88A0A6004E8B45 /* Debug */ = {
			isa = XCBuildConfiguration;
			baseConfigurationReference = C7421C5C7B36BD38F81485DE /* Pods-DishPlayTests.debug.xcconfig */;
			buildSettings = {
				ALWAYS_EMBED_SWIFT_STANDARD_LIBRARIES = YES;
				BUNDLE_LOADER = "$(TEST_HOST)";
				DEVELOPMENT_TEAM = WMPNP8H5G7;
				INFOPLIST_FILE = DishPlayTests/Info.plist;
				LD_RUNPATH_SEARCH_PATHS = "$(inherited) @executable_path/Frameworks @loader_path/Frameworks";
				PRODUCT_BUNDLE_IDENTIFIER = CalHackGroup.DishPlayTests;
				PRODUCT_NAME = "$(TARGET_NAME)";
				SWIFT_VERSION = 4.0;
				TARGETED_DEVICE_FAMILY = "1,2";
				TEST_HOST = "$(BUILT_PRODUCTS_DIR)/DishPlay.app/DishPlay";
			};
			name = Debug;
		};
		181CB8FA1F88A0A6004E8B45 /* Release */ = {
			isa = XCBuildConfiguration;
			baseConfigurationReference = 0C03DC7098FE36AC2A589ED3 /* Pods-DishPlayTests.release.xcconfig */;
			buildSettings = {
				ALWAYS_EMBED_SWIFT_STANDARD_LIBRARIES = YES;
				BUNDLE_LOADER = "$(TEST_HOST)";
				DEVELOPMENT_TEAM = WMPNP8H5G7;
				INFOPLIST_FILE = DishPlayTests/Info.plist;
				LD_RUNPATH_SEARCH_PATHS = "$(inherited) @executable_path/Frameworks @loader_path/Frameworks";
				PRODUCT_BUNDLE_IDENTIFIER = CalHackGroup.DishPlayTests;
				PRODUCT_NAME = "$(TARGET_NAME)";
				SWIFT_VERSION = 4.0;
				TARGETED_DEVICE_FAMILY = "1,2";
				TEST_HOST = "$(BUILT_PRODUCTS_DIR)/DishPlay.app/DishPlay";
			};
			name = Release;
		};
		181CB8FC1F88A0A6004E8B45 /* Debug */ = {
			isa = XCBuildConfiguration;
			baseConfigurationReference = A1E3934C811D3D70F3B8F3E2 /* Pods-DishPlayUITests.debug.xcconfig */;
			buildSettings = {
				ALWAYS_EMBED_SWIFT_STANDARD_LIBRARIES = YES;
				DEVELOPMENT_TEAM = WMPNP8H5G7;
				INFOPLIST_FILE = DishPlayUITests/Info.plist;
				LD_RUNPATH_SEARCH_PATHS = "$(inherited) @executable_path/Frameworks @loader_path/Frameworks";
				PRODUCT_BUNDLE_IDENTIFIER = CalHackGroup.DishPlayUITests;
				PRODUCT_NAME = "$(TARGET_NAME)";
				SWIFT_VERSION = 4.0;
				TARGETED_DEVICE_FAMILY = "1,2";
				TEST_TARGET_NAME = DishPlay;
			};
			name = Debug;
		};
		181CB8FD1F88A0A6004E8B45 /* Release */ = {
			isa = XCBuildConfiguration;
			baseConfigurationReference = FC5172C5E94E9E083D6FE4BD /* Pods-DishPlayUITests.release.xcconfig */;
			buildSettings = {
				ALWAYS_EMBED_SWIFT_STANDARD_LIBRARIES = YES;
				DEVELOPMENT_TEAM = WMPNP8H5G7;
				INFOPLIST_FILE = DishPlayUITests/Info.plist;
				LD_RUNPATH_SEARCH_PATHS = "$(inherited) @executable_path/Frameworks @loader_path/Frameworks";
				PRODUCT_BUNDLE_IDENTIFIER = CalHackGroup.DishPlayUITests;
				PRODUCT_NAME = "$(TARGET_NAME)";
				SWIFT_VERSION = 4.0;
				TARGETED_DEVICE_FAMILY = "1,2";
				TEST_TARGET_NAME = DishPlay;
			};
			name = Release;
		};
/* End XCBuildConfiguration section */

/* Begin XCConfigurationList section */
		181CB8C61F88A0A6004E8B45 /* Build configuration list for PBXProject "DishPlay" */ = {
			isa = XCConfigurationList;
			buildConfigurations = (
				181CB8F31F88A0A6004E8B45 /* Debug */,
				181CB8F41F88A0A6004E8B45 /* Release */,
			);
			defaultConfigurationIsVisible = 0;
			defaultConfigurationName = Release;
		};
		181CB8F51F88A0A6004E8B45 /* Build configuration list for PBXNativeTarget "DishPlay" */ = {
			isa = XCConfigurationList;
			buildConfigurations = (
				181CB8F61F88A0A6004E8B45 /* Debug */,
				181CB8F71F88A0A6004E8B45 /* Release */,
			);
			defaultConfigurationIsVisible = 0;
			defaultConfigurationName = Release;
		};
		181CB8F81F88A0A6004E8B45 /* Build configuration list for PBXNativeTarget "DishPlayTests" */ = {
			isa = XCConfigurationList;
			buildConfigurations = (
				181CB8F91F88A0A6004E8B45 /* Debug */,
				181CB8FA1F88A0A6004E8B45 /* Release */,
			);
			defaultConfigurationIsVisible = 0;
			defaultConfigurationName = Release;
		};
		181CB8FB1F88A0A6004E8B45 /* Build configuration list for PBXNativeTarget "DishPlayUITests" */ = {
			isa = XCConfigurationList;
			buildConfigurations = (
				181CB8FC1F88A0A6004E8B45 /* Debug */,
				181CB8FD1F88A0A6004E8B45 /* Release */,
			);
			defaultConfigurationIsVisible = 0;
			defaultConfigurationName = Release;
		};
/* End XCConfigurationList section */
	};
	rootObject = 181CB8C31F88A0A6004E8B45 /* Project object */;
}
